
Microsoft Visual Studio Solution File, Format Version 12.00
# Visual Studio Version 17
VisualStudioVersion = 17.8.34330.188
MinimumVisualStudioVersion = 10.0.40219.1
Project("{FAE04EC0-301F-11D3-BF4B-00C04F79EFBC}") = "AlorTest", "AlorTest\AlorTest.csproj", "{65C8B28C-EA3E-4803-B192-4EE46CD11F2E}"
EndProject
Global
	GlobalSection(SolutionConfigurationPlatforms) = preSolution
		Debug|Any CPU = Debug|Any CPU
		Release|Any CPU = Release|Any CPU
	EndGlobalSection
	GlobalSection(ProjectConfigurationPlatforms) = postSolution
		{65C8B28C-EA3E-4803-B192-4EE46CD11F2E}.Debug|Any CPU.ActiveCfg = Debug|Any CPU
		{65C8B28C-EA3E-4803-B192-4EE46CD11F2E}.Debug|Any CPU.Build.0 = Debug|Any CPU
		{65C8B28C-EA3E-4803-B192-4EE46CD11F2E}.Release|Any CPU.ActiveCfg = Release|Any CPU
		{65C8B28C-EA3E-4803-B192-4EE46CD11F2E}.Release|Any CPU.Build.0 = Release|Any CPU
	EndGlobalSection
	GlobalSection(SolutionProperties) = preSolution
		HideSolutionNode = FALSE
	EndGlobalSection
	GlobalSection(ExtensibilityGlobals) = postSolution
		SolutionGuid = {4899EA45-54A2-4A5E-B1A5-0515BC7ECA58}
	EndGlobalSection
EndGlobal
